
Microsoft Visual Studio Solution File, Format Version 12.00
# Visual Studio Version 16
VisualStudioVersion = 16.0.33927.289
MinimumVisualStudioVersion = 10.0.40219.1
Project("{FAE04EC0-301F-11D3-BF4B-00C04F79EFBC}") = "app28_08", "app28_08.csproj", "{C7A8E5EF-B8BB-4F08-A4A0-E2A721E31EDB}"
EndProject
Global
	GlobalSection(SolutionConfigurationPlatforms) = preSolution
		Debug|Any CPU = Debug|Any CPU
		Release|Any CPU = Release|Any CPU
	EndGlobalSection
	GlobalSection(ProjectConfigurationPlatforms) = postSolution
		{C7A8E5EF-B8BB-4F08-A4A0-E2A721E31EDB}.Debug|Any CPU.ActiveCfg = Debug|Any CPU
		{C7A8E5EF-B8BB-4F08-A4A0-E2A721E31EDB}.Debug|Any CPU.Build.0 = Debug|Any CPU
		{C7A8E5EF-B8BB-4F08-A4A0-E2A721E31EDB}.Release|Any CPU.ActiveCfg = Release|Any CPU
		{C7A8E5EF-B8BB-4F08-A4A0-E2A721E31EDB}.Release|Any CPU.Build.0 = Release|Any CPU
	EndGlobalSection
	GlobalSection(SolutionProperties) = preSolution
		HideSolutionNode = FALSE
	EndGlobalSection
	GlobalSection(ExtensibilityGlobals) = postSolution
		SolutionGuid = {EE2AB0CC-BCAC-41F4-934F-7BBF17BA8F16}
	EndGlobalSection
EndGlobal
